
Microsoft Visual Studio Solution File, Format Version 12.00
Project("{2150E333-8FDC-42A3-9474-1A3956D46DE8}") = "L02-Messaging, System & Channels", "L02-Messaging, System & Channels", "{EB78B481-D78C-4A03-9DF4-50FB79CF796B}"
EndProject
Project("{FAE04EC0-301F-11D3-BF4B-00C04F79EFBC}") = "Opgave2-4", "Opgave2-4\Opgave2-4.csproj", "{17E3057A-46AE-40A1-A626-4148C4B976F4}"
EndProject
Project("{2150E333-8FDC-42A3-9474-1A3956D46DE8}") = "L07-Messaging_Channels", "L07-Messaging_Channels", "{FFD11982-0913-4456-A305-457AC94BC371}"
EndProject
Project("{FAE04EC0-301F-11D3-BF4B-00C04F79EFBC}") = "P2P-DatatypeChannel", "P2P-DatatypeChannel\P2P-DatatypeChannel.csproj", "{0C89A396-8E05-4CBA-97AD-806B3C98AD9B}"
EndProject
Project("{2150E333-8FDC-42A3-9474-1A3956D46DE8}") = "Opgave7.1-2", "Opgave7.1-2", "{E71CE651-7611-400F-AD81-FCD2783DE824}"
EndProject
Project("{2150E333-8FDC-42A3-9474-1A3956D46DE8}") = "Opgave7.3", "Opgave7.3", "{1FE91402-0B74-4F03-BC70-AD10D0F195C5}"
EndProject
Project("{FAE04EC0-301F-11D3-BF4B-00C04F79EFBC}") = "ETA_Messages", "ETA_Messages\ETA_Messages.csproj", "{58C6CF6C-DD22-4732-BEE2-3D84AFE91CBD}"
EndProject
Project("{2150E333-8FDC-42A3-9474-1A3956D46DE8}") = "Opgave7.4", "Opgave7.4", "{B1644650-477C-4001-8337-361B4C80B1DA}"
EndProject
Project("{FAE04EC0-301F-11D3-BF4B-00C04F79EFBC}") = "ETA_Messaging2", "ETA_Messaging2\ETA_Messaging2.csproj", "{7EB4E35D-AA43-4D05-9357-7CFB992A5426}"
EndProject
Project("{2150E333-8FDC-42A3-9474-1A3956D46DE8}") = "L08-Messaging_Construction", "L08-Messaging_Construction", "{AD04E880-7EAC-4691-B769-F1EE9C1728E1}"
EndProject
Project("{2150E333-8FDC-42A3-9474-1A3956D46DE8}") = "Opgave8.1", "Opgave8.1", "{9C801BE7-CDA7-4BD0-9EBE-7B813222CBEF}"
	ProjectSection(SolutionItems) = preProject
		Request_Message = Request_Message
		Response_Message = Response_Message
	EndProjectSection
EndProject
Project("{FAE04EC0-301F-11D3-BF4B-00C04F79EFBC}") = "Request-Reply", "Request-Reply\Request-Reply.csproj", "{A2826402-B76C-4673-9EA6-2791D1D4113F}"
EndProject
Project("{2150E333-8FDC-42A3-9474-1A3956D46DE8}") = "L09-Messaging_Channel-Construction", "L09-Messaging_Channel-Construction", "{93AAC69A-A4F5-4B96-9374-0DE5B6CA8A8D}"
EndProject
Project("{2150E333-8FDC-42A3-9474-1A3956D46DE8}") = "Opgave9.1", "Opgave9.1", "{F67FC285-3474-4169-B931-ECA2D2F9F5C4}"
EndProject
Project("{FAE04EC0-301F-11D3-BF4B-00C04F79EFBC}") = "TimeToBeRecieved", "TimeToBeRecieved\TimeToBeRecieved.csproj", "{90A1224D-1A11-445A-BF0C-102D5466B24C}"
EndProject
Project("{2150E333-8FDC-42A3-9474-1A3956D46DE8}") = "Opgave9.3", "Opgave9.3", "{2F4207B1-1961-4B27-8571-DA8FD87996C0}"
EndProject
Project("{FAE04EC0-301F-11D3-BF4B-00C04F79EFBC}") = "Adapter", "Adapter\Adapter.csproj", "{29BDCE2C-BC48-4DFB-936C-CF4F07FA7B83}"
EndProject
Project("{2150E333-8FDC-42A3-9474-1A3956D46DE8}") = "L10-Messaging_Routing", "L10-Messaging_Routing", "{BED874FA-2DF2-4513-944D-B05858A9F0C3}"
EndProject
Project("{2150E333-8FDC-42A3-9474-1A3956D46DE8}") = "BluffCityICXPath", "BluffCityICXPath", "{D7F422F1-D478-47F9-9E00-8B1B0765709F}"
EndProject
Project("{FAE04EC0-301F-11D3-BF4B-00C04F79EFBC}") = "BluffCityICXPath", "BluffCityICXPath\BluffCityICXPath.csproj", "{9D46D6D6-2C7A-4556-B3E6-28483DDAA681}"
EndProject
Project("{2150E333-8FDC-42A3-9474-1A3956D46DE8}") = "BluffCityCheckInOutput", "BluffCityCheckInOutput", "{166888B3-DDC1-47B3-82DF-EE4FF4746868}"
EndProject
Project("{FAE04EC0-301F-11D3-BF4B-00C04F79EFBC}") = "BluffCityCheckInOutput", "BluffCityCheckInOutput\BluffCityCheckInOutput.csproj", "{D88D407F-B4DE-4A4F-8CEA-779A3D5B260E}"
EndProject
Project("{2150E333-8FDC-42A3-9474-1A3956D46DE8}") = "L11-MiniProjekt", "L11-MiniProjekt", "{887AAFBD-8182-4CE1-BF2F-3372B0838E79}"
EndProject
Project("{FAE04EC0-301F-11D3-BF4B-00C04F79EFBC}") = "BluffCityInfo", "BluffCityInfo\BluffCityInfo.csproj", "{773068B0-B0E3-451F-849D-DE2C55D6C42A}"
EndProject
Project("{2150E333-8FDC-42A3-9474-1A3956D46DE8}") = "L13-Message_Transformation", "L13-Message_Transformation", "{715F78B2-E8D6-467B-B0DC-132F47C428CA}"
EndProject
Project("{2150E333-8FDC-42A3-9474-1A3956D46DE8}") = "Opgave2-3", "Opgave2-3", "{911D35BF-C93E-4156-9466-11D879583872}"
EndProject
Project("{FAE04EC0-301F-11D3-BF4B-00C04F79EFBC}") = "CanonicalDataModel", "CanonicalDataModel\CanonicalDataModel.csproj", "{98E40803-20AA-4C28-8DB4-BD1C3B9EB98B}"
EndProject
Project("{2150E333-8FDC-42A3-9474-1A3956D46DE8}") = "Opgave4", "Opgave4", "{09EB1DEA-D58A-419E-8B90-C4C854746859}"
EndProject
Project("{FAE04EC0-301F-11D3-BF4B-00C04F79EFBC}") = "CargoLoaderTeam", "CargoLoaderTeam\CargoLoaderTeam.csproj", "{7C42AA6C-E1B4-4C40-87FF-235C9128828B}"
EndProject
Project("{2150E333-8FDC-42A3-9474-1A3956D46DE8}") = "L14-Message_Routing", "L14-Message_Routing", "{B43A24AA-70E8-4477-BB07-3A36E378CA3B}"
EndProject
Project("{2150E333-8FDC-42A3-9474-1A3956D46DE8}") = "Opgave1", "Opgave1", "{9BBCCD7D-E3FD-46D6-AD9B-6F5A5F60BD45}"
EndProject
Project("{FAE04EC0-301F-11D3-BF4B-00C04F79EFBC}") = "CBP", "CBP\CBP.csproj", "{88706138-781D-4805-8509-4456D8568CD8}"
EndProject
Project("{2150E333-8FDC-42A3-9474-1A3956D46DE8}") = "Opgave2", "Opgave2", "{800A3ABD-9AC0-42B2-A816-089B7D914C89}"
EndProject
Project("{FAE04EC0-301F-11D3-BF4B-00C04F79EFBC}") = "BLD", "BLD\BLD.csproj", "{89366EAB-757A-4AC7-A968-54F025FAE32B}"
EndProject
Project("{2150E333-8FDC-42A3-9474-1A3956D46DE8}") = "L17-SOA_WebServices", "L17-SOA_WebServices", "{FDA137E5-861E-48E2-8F85-DA7F9D12F6D4}"
EndProject
Project("{FAE04EC0-301F-11D3-BF4B-00C04F79EFBC}") = "WeatherApp", "WeatherApp\WeatherApp.csproj", "{B792E470-A077-4AE5-843B-99EEB2C34466}"
EndProject
Project("{2150E333-8FDC-42A3-9474-1A3956D46DE8}") = "WeatherApp_ConsoleApp", "WeatherApp_ConsoleApp", "{1012374A-7523-4909-90F9-522D6B8EA4B5}"
EndProject
Project("{2150E333-8FDC-42A3-9474-1A3956D46DE8}") = "WeatherApp2.0", "WeatherApp2.0", "{4E3D3E50-D749-42CE-A2BD-21D11C051577}"
EndProject
Project("{FAE04EC0-301F-11D3-BF4B-00C04F79EFBC}") = "WeatherApp2", "WeatherApp2\WeatherApp2.csproj", "{83984A1E-3B33-41A7-9D26-2B034B433D9A}"
EndProject
Global
	GlobalSection(SolutionConfigurationPlatforms) = preSolution
		Debug|Any CPU = Debug|Any CPU
		Release|Any CPU = Release|Any CPU
	EndGlobalSection
	GlobalSection(ProjectConfigurationPlatforms) = postSolution
		{17E3057A-46AE-40A1-A626-4148C4B976F4}.Debug|Any CPU.ActiveCfg = Debug|Any CPU
		{17E3057A-46AE-40A1-A626-4148C4B976F4}.Debug|Any CPU.Build.0 = Debug|Any CPU
		{17E3057A-46AE-40A1-A626-4148C4B976F4}.Release|Any CPU.ActiveCfg = Release|Any CPU
		{17E3057A-46AE-40A1-A626-4148C4B976F4}.Release|Any CPU.Build.0 = Release|Any CPU
		{0C89A396-8E05-4CBA-97AD-806B3C98AD9B}.Debug|Any CPU.ActiveCfg = Debug|Any CPU
		{0C89A396-8E05-4CBA-97AD-806B3C98AD9B}.Debug|Any CPU.Build.0 = Debug|Any CPU
		{0C89A396-8E05-4CBA-97AD-806B3C98AD9B}.Release|Any CPU.ActiveCfg = Release|Any CPU
		{0C89A396-8E05-4CBA-97AD-806B3C98AD9B}.Release|Any CPU.Build.0 = Release|Any CPU
		{58C6CF6C-DD22-4732-BEE2-3D84AFE91CBD}.Debug|Any CPU.ActiveCfg = Debug|Any CPU
		{58C6CF6C-DD22-4732-BEE2-3D84AFE91CBD}.Debug|Any CPU.Build.0 = Debug|Any CPU
		{58C6CF6C-DD22-4732-BEE2-3D84AFE91CBD}.Release|Any CPU.ActiveCfg = Release|Any CPU
		{58C6CF6C-DD22-4732-BEE2-3D84AFE91CBD}.Release|Any CPU.Build.0 = Release|Any CPU
		{7EB4E35D-AA43-4D05-9357-7CFB992A5426}.Debug|Any CPU.ActiveCfg = Debug|Any CPU
		{7EB4E35D-AA43-4D05-9357-7CFB992A5426}.Debug|Any CPU.Build.0 = Debug|Any CPU
		{7EB4E35D-AA43-4D05-9357-7CFB992A5426}.Release|Any CPU.ActiveCfg = Release|Any CPU
		{7EB4E35D-AA43-4D05-9357-7CFB992A5426}.Release|Any CPU.Build.0 = Release|Any CPU
		{A2826402-B76C-4673-9EA6-2791D1D4113F}.Debug|Any CPU.ActiveCfg = Debug|Any CPU
		{A2826402-B76C-4673-9EA6-2791D1D4113F}.Debug|Any CPU.Build.0 = Debug|Any CPU
		{A2826402-B76C-4673-9EA6-2791D1D4113F}.Release|Any CPU.ActiveCfg = Release|Any CPU
		{A2826402-B76C-4673-9EA6-2791D1D4113F}.Release|Any CPU.Build.0 = Release|Any CPU
		{90A1224D-1A11-445A-BF0C-102D5466B24C}.Debug|Any CPU.ActiveCfg = Debug|Any CPU
		{90A1224D-1A11-445A-BF0C-102D5466B24C}.Debug|Any CPU.Build.0 = Debug|Any CPU
		{90A1224D-1A11-445A-BF0C-102D5466B24C}.Release|Any CPU.ActiveCfg = Release|Any CPU
		{90A1224D-1A11-445A-BF0C-102D5466B24C}.Release|Any CPU.Build.0 = Release|Any CPU
		{29BDCE2C-BC48-4DFB-936C-CF4F07FA7B83}.Debug|Any CPU.ActiveCfg = Debug|Any CPU
		{29BDCE2C-BC48-4DFB-936C-CF4F07FA7B83}.Debug|Any CPU.Build.0 = Debug|Any CPU
		{29BDCE2C-BC48-4DFB-936C-CF4F07FA7B83}.Release|Any CPU.ActiveCfg = Release|Any CPU
		{29BDCE2C-BC48-4DFB-936C-CF4F07FA7B83}.Release|Any CPU.Build.0 = Release|Any CPU
		{9D46D6D6-2C7A-4556-B3E6-28483DDAA681}.Debug|Any CPU.ActiveCfg = Debug|Any CPU
		{9D46D6D6-2C7A-4556-B3E6-28483DDAA681}.Debug|Any CPU.Build.0 = Debug|Any CPU
		{9D46D6D6-2C7A-4556-B3E6-28483DDAA681}.Release|Any CPU.ActiveCfg = Release|Any CPU
		{9D46D6D6-2C7A-4556-B3E6-28483DDAA681}.Release|Any CPU.Build.0 = Release|Any CPU
		{D88D407F-B4DE-4A4F-8CEA-779A3D5B260E}.Debug|Any CPU.ActiveCfg = Debug|Any CPU
		{D88D407F-B4DE-4A4F-8CEA-779A3D5B260E}.Debug|Any CPU.Build.0 = Debug|Any CPU
		{D88D407F-B4DE-4A4F-8CEA-779A3D5B260E}.Release|Any CPU.ActiveCfg = Release|Any CPU
		{D88D407F-B4DE-4A4F-8CEA-779A3D5B260E}.Release|Any CPU.Build.0 = Release|Any CPU
		{773068B0-B0E3-451F-849D-DE2C55D6C42A}.Debug|Any CPU.ActiveCfg = Debug|Any CPU
		{773068B0-B0E3-451F-849D-DE2C55D6C42A}.Debug|Any CPU.Build.0 = Debug|Any CPU
		{773068B0-B0E3-451F-849D-DE2C55D6C42A}.Release|Any CPU.ActiveCfg = Release|Any CPU
		{773068B0-B0E3-451F-849D-DE2C55D6C42A}.Release|Any CPU.Build.0 = Release|Any CPU
		{98E40803-20AA-4C28-8DB4-BD1C3B9EB98B}.Debug|Any CPU.ActiveCfg = Debug|Any CPU
		{98E40803-20AA-4C28-8DB4-BD1C3B9EB98B}.Debug|Any CPU.Build.0 = Debug|Any CPU
		{98E40803-20AA-4C28-8DB4-BD1C3B9EB98B}.Release|Any CPU.ActiveCfg = Release|Any CPU
		{98E40803-20AA-4C28-8DB4-BD1C3B9EB98B}.Release|Any CPU.Build.0 = Release|Any CPU
		{7C42AA6C-E1B4-4C40-87FF-235C9128828B}.Debug|Any CPU.ActiveCfg = Debug|Any CPU
		{7C42AA6C-E1B4-4C40-87FF-235C9128828B}.Debug|Any CPU.Build.0 = Debug|Any CPU
		{7C42AA6C-E1B4-4C40-87FF-235C9128828B}.Release|Any CPU.ActiveCfg = Release|Any CPU
		{7C42AA6C-E1B4-4C40-87FF-235C9128828B}.Release|Any CPU.Build.0 = Release|Any CPU
		{88706138-781D-4805-8509-4456D8568CD8}.Debug|Any CPU.ActiveCfg = Debug|Any CPU
		{88706138-781D-4805-8509-4456D8568CD8}.Debug|Any CPU.Build.0 = Debug|Any CPU
		{88706138-781D-4805-8509-4456D8568CD8}.Release|Any CPU.ActiveCfg = Release|Any CPU
		{88706138-781D-4805-8509-4456D8568CD8}.Release|Any CPU.Build.0 = Release|Any CPU
		{89366EAB-757A-4AC7-A968-54F025FAE32B}.Debug|Any CPU.ActiveCfg = Debug|Any CPU
		{89366EAB-757A-4AC7-A968-54F025FAE32B}.Debug|Any CPU.Build.0 = Debug|Any CPU
		{89366EAB-757A-4AC7-A968-54F025FAE32B}.Release|Any CPU.ActiveCfg = Release|Any CPU
		{89366EAB-757A-4AC7-A968-54F025FAE32B}.Release|Any CPU.Build.0 = Release|Any CPU
		{B792E470-A077-4AE5-843B-99EEB2C34466}.Debug|Any CPU.ActiveCfg = Debug|Any CPU
		{B792E470-A077-4AE5-843B-99EEB2C34466}.Debug|Any CPU.Build.0 = Debug|Any CPU
		{B792E470-A077-4AE5-843B-99EEB2C34466}.Release|Any CPU.ActiveCfg = Release|Any CPU
		{B792E470-A077-4AE5-843B-99EEB2C34466}.Release|Any CPU.Build.0 = Release|Any CPU
		{83984A1E-3B33-41A7-9D26-2B034B433D9A}.Debug|Any CPU.ActiveCfg = Debug|Any CPU
		{83984A1E-3B33-41A7-9D26-2B034B433D9A}.Debug|Any CPU.Build.0 = Debug|Any CPU
		{83984A1E-3B33-41A7-9D26-2B034B433D9A}.Release|Any CPU.ActiveCfg = Release|Any CPU
		{83984A1E-3B33-41A7-9D26-2B034B433D9A}.Release|Any CPU.Build.0 = Release|Any CPU
	EndGlobalSection
	GlobalSection(NestedProjects) = preSolution
		{17E3057A-46AE-40A1-A626-4148C4B976F4} = {EB78B481-D78C-4A03-9DF4-50FB79CF796B}
		{E71CE651-7611-400F-AD81-FCD2783DE824} = {FFD11982-0913-4456-A305-457AC94BC371}
		{0C89A396-8E05-4CBA-97AD-806B3C98AD9B} = {E71CE651-7611-400F-AD81-FCD2783DE824}
		{1FE91402-0B74-4F03-BC70-AD10D0F195C5} = {FFD11982-0913-4456-A305-457AC94BC371}
		{58C6CF6C-DD22-4732-BEE2-3D84AFE91CBD} = {1FE91402-0B74-4F03-BC70-AD10D0F195C5}
		{B1644650-477C-4001-8337-361B4C80B1DA} = {FFD11982-0913-4456-A305-457AC94BC371}
		{7EB4E35D-AA43-4D05-9357-7CFB992A5426} = {B1644650-477C-4001-8337-361B4C80B1DA}
		{9C801BE7-CDA7-4BD0-9EBE-7B813222CBEF} = {AD04E880-7EAC-4691-B769-F1EE9C1728E1}
		{A2826402-B76C-4673-9EA6-2791D1D4113F} = {9C801BE7-CDA7-4BD0-9EBE-7B813222CBEF}
		{F67FC285-3474-4169-B931-ECA2D2F9F5C4} = {93AAC69A-A4F5-4B96-9374-0DE5B6CA8A8D}
		{90A1224D-1A11-445A-BF0C-102D5466B24C} = {F67FC285-3474-4169-B931-ECA2D2F9F5C4}
		{2F4207B1-1961-4B27-8571-DA8FD87996C0} = {93AAC69A-A4F5-4B96-9374-0DE5B6CA8A8D}
		{29BDCE2C-BC48-4DFB-936C-CF4F07FA7B83} = {2F4207B1-1961-4B27-8571-DA8FD87996C0}
		{D7F422F1-D478-47F9-9E00-8B1B0765709F} = {BED874FA-2DF2-4513-944D-B05858A9F0C3}
		{9D46D6D6-2C7A-4556-B3E6-28483DDAA681} = {D7F422F1-D478-47F9-9E00-8B1B0765709F}
		{D88D407F-B4DE-4A4F-8CEA-779A3D5B260E} = {166888B3-DDC1-47B3-82DF-EE4FF4746868}
		{166888B3-DDC1-47B3-82DF-EE4FF4746868} = {BED874FA-2DF2-4513-944D-B05858A9F0C3}
		{773068B0-B0E3-451F-849D-DE2C55D6C42A} = {887AAFBD-8182-4CE1-BF2F-3372B0838E79}
		{911D35BF-C93E-4156-9466-11D879583872} = {715F78B2-E8D6-467B-B0DC-132F47C428CA}
		{98E40803-20AA-4C28-8DB4-BD1C3B9EB98B} = {911D35BF-C93E-4156-9466-11D879583872}
		{09EB1DEA-D58A-419E-8B90-C4C854746859} = {715F78B2-E8D6-467B-B0DC-132F47C428CA}
		{7C42AA6C-E1B4-4C40-87FF-235C9128828B} = {09EB1DEA-D58A-419E-8B90-C4C854746859}
		{9BBCCD7D-E3FD-46D6-AD9B-6F5A5F60BD45} = {B43A24AA-70E8-4477-BB07-3A36E378CA3B}
		{88706138-781D-4805-8509-4456D8568CD8} = {9BBCCD7D-E3FD-46D6-AD9B-6F5A5F60BD45}
		{800A3ABD-9AC0-42B2-A816-089B7D914C89} = {B43A24AA-70E8-4477-BB07-3A36E378CA3B}
		{89366EAB-757A-4AC7-A968-54F025FAE32B} = {800A3ABD-9AC0-42B2-A816-089B7D914C89}
		{1012374A-7523-4909-90F9-522D6B8EA4B5} = {FDA137E5-861E-48E2-8F85-DA7F9D12F6D4}
		{B792E470-A077-4AE5-843B-99EEB2C34466} = {1012374A-7523-4909-90F9-522D6B8EA4B5}
		{4E3D3E50-D749-42CE-A2BD-21D11C051577} = {FDA137E5-861E-48E2-8F85-DA7F9D12F6D4}
		{83984A1E-3B33-41A7-9D26-2B034B433D9A} = {4E3D3E50-D749-42CE-A2BD-21D11C051577}
	EndGlobalSection
EndGlobal
